
Microsoft Visual Studio Solution File, Format Version 12.00
# Visual Studio Version 17
VisualStudioVersion = 17.8.34112.27
MinimumVisualStudioVersion = 10.0.40219.1
Project("{FAE04EC0-301F-11D3-BF4B-00C04F79EFBC}") = "Puzzle6", "Puzzle6\Puzzle6.csproj", "{DBB6ADC3-1A89-4822-9FF1-0B44AED76B28}"
EndProject
Project("{FAE04EC0-301F-11D3-BF4B-00C04F79EFBC}") = "PuzzleLibrary6", "PuzzleLibrary6\PuzzleLibrary6.csproj", "{1D385EAB-4C84-4F7D-B128-D40168A347F6}"
EndProject
Global
	GlobalSection(SolutionConfigurationPlatforms) = preSolution
		Debug|Any CPU = Debug|Any CPU
		Release|Any CPU = Release|Any CPU
	EndGlobalSection
	GlobalSection(ProjectConfigurationPlatforms) = postSolution
		{DBB6ADC3-1A89-4822-9FF1-0B44AED76B28}.Debug|Any CPU.ActiveCfg = Debug|Any CPU
		{DBB6ADC3-1A89-4822-9FF1-0B44AED76B28}.Debug|Any CPU.Build.0 = Debug|Any CPU
		{DBB6ADC3-1A89-4822-9FF1-0B44AED76B28}.Release|Any CPU.ActiveCfg = Release|Any CPU
		{DBB6ADC3-1A89-4822-9FF1-0B44AED76B28}.Release|Any CPU.Build.0 = Release|Any CPU
		{1D385EAB-4C84-4F7D-B128-D40168A347F6}.Debug|Any CPU.ActiveCfg = Debug|Any CPU
		{1D385EAB-4C84-4F7D-B128-D40168A347F6}.Debug|Any CPU.Build.0 = Debug|Any CPU
		{1D385EAB-4C84-4F7D-B128-D40168A347F6}.Release|Any CPU.ActiveCfg = Release|Any CPU
		{1D385EAB-4C84-4F7D-B128-D40168A347F6}.Release|Any CPU.Build.0 = Release|Any CPU
	EndGlobalSection
	GlobalSection(SolutionProperties) = preSolution
		HideSolutionNode = FALSE
	EndGlobalSection
	GlobalSection(ExtensibilityGlobals) = postSolution
		SolutionGuid = {8EFE8658-DDCF-4E63-82CC-EE0A8E105812}
	EndGlobalSection
EndGlobal
